SITE
  remote: https://supermarket.getchef.com/api/v1
  specs:
    acme (4.0.0)
      compat_resource (>= 12.19)
    ark (4.0.0)
      build-essential (>= 0.0.0)
      seven_zip (>= 0.0.0)
    build-essential (8.2.1)
      mingw (>= 1.1)
      seven_zip (>= 0.0.0)
    compat_resource (12.19.1)
    limits (1.0.0)
    line (2.1.1)
    mingw (2.1.0)
      seven_zip (>= 0.0.0)
    nginx (9.0.0)
      build-essential (>= 5.0)
      ohai (>= 4.1.0)
      yum-epel (>= 0.0.0)
    nodejs (6.0.0)
      ark (>= 2.0.2)
      build-essential (>= 5.0)
    ohai (5.2.5)
    postgresql (7.1.1)
    seven_zip (3.1.0)
      windows (>= 0.0.0)
    sudo (5.4.4)
    sysctl (1.0.5)
      ohai (>= 5.0)
    windows (5.2.2)
    yum-epel (3.3.0)

DEPENDENCIES
  acme (~> 4.0.0)
  limits (~> 1.0.0)
  line (~> 2.1.1)
  nginx (~> 9.0.0)
  nodejs (~> 6.0.0)
  postgresql (~> 7.1.1)
  sudo (~> 5.4.4)
  sysctl (~> 1.0.5)

